
Microsoft Visual Studio Solution File, Format Version 12.00
# Visual Studio Version 17
VisualStudioVersion = 17.1.32421.90
MinimumVisualStudioVersion = 10.0.40219.1
Project("{FAE04EC0-301F-11D3-BF4B-00C04F79EFBC}") = "EntityFrameWorkAssignment", "EntityFrameWorkAssignment\EntityFrameWorkAssignment.csproj", "{07E7B36E-53E7-4472-B903-2DD0D1E012ED}"
EndProject
Project("{FAE04EC0-301F-11D3-BF4B-00C04F79EFBC}") = "EFAssignment", "EFAssignment\EFAssignment.csproj", "{02CA7F5A-5B15-44DE-BD1F-F3DE46D1E96A}"
EndProject
Global
	GlobalSection(SolutionConfigurationPlatforms) = preSolution
		Debug|Any CPU = Debug|Any CPU
		Release|Any CPU = Release|Any CPU
	EndGlobalSection
	GlobalSection(ProjectConfigurationPlatforms) = postSolution
		{07E7B36E-53E7-4472-B903-2DD0D1E012ED}.Debug|Any CPU.ActiveCfg = Debug|Any CPU
		{07E7B36E-53E7-4472-B903-2DD0D1E012ED}.Debug|Any CPU.Build.0 = Debug|Any CPU
		{07E7B36E-53E7-4472-B903-2DD0D1E012ED}.Release|Any CPU.ActiveCfg = Release|Any CPU
		{07E7B36E-53E7-4472-B903-2DD0D1E012ED}.Release|Any CPU.Build.0 = Release|Any CPU
		{02CA7F5A-5B15-44DE-BD1F-F3DE46D1E96A}.Debug|Any CPU.ActiveCfg = Debug|Any CPU
		{02CA7F5A-5B15-44DE-BD1F-F3DE46D1E96A}.Debug|Any CPU.Build.0 = Debug|Any CPU
		{02CA7F5A-5B15-44DE-BD1F-F3DE46D1E96A}.Release|Any CPU.ActiveCfg = Release|Any CPU
		{02CA7F5A-5B15-44DE-BD1F-F3DE46D1E96A}.Release|Any CPU.Build.0 = Release|Any CPU
	EndGlobalSection
	GlobalSection(SolutionProperties) = preSolution
		HideSolutionNode = FALSE
	EndGlobalSection
	GlobalSection(ExtensibilityGlobals) = postSolution
		SolutionGuid = {0C95FF36-D899-4159-AECF-2024E48F881F}
	EndGlobalSection
EndGlobal
