
Microsoft Visual Studio Solution File, Format Version 12.00
# Visual Studio Version 17
VisualStudioVersion = 17.1.32421.90
MinimumVisualStudioVersion = 10.0.40219.1
Project("{FAE04EC0-301F-11D3-BF4B-00C04F79EFBC}") = "customers", "customers\customers.csproj", "{4D5D9039-B86C-4B02-AC70-778E6A9A4412}"
EndProject
Global
	GlobalSection(SolutionConfigurationPlatforms) = preSolution
		Debug|Any CPU = Debug|Any CPU
		Release|Any CPU = Release|Any CPU
	EndGlobalSection
	GlobalSection(ProjectConfigurationPlatforms) = postSolution
		{4D5D9039-B86C-4B02-AC70-778E6A9A4412}.Debug|Any CPU.ActiveCfg = Debug|Any CPU
		{4D5D9039-B86C-4B02-AC70-778E6A9A4412}.Debug|Any CPU.Build.0 = Debug|Any CPU
		{4D5D9039-B86C-4B02-AC70-778E6A9A4412}.Release|Any CPU.ActiveCfg = Release|Any CPU
		{4D5D9039-B86C-4B02-AC70-778E6A9A4412}.Release|Any CPU.Build.0 = Release|Any CPU
	EndGlobalSection
	GlobalSection(SolutionProperties) = preSolution
		HideSolutionNode = FALSE
	EndGlobalSection
	GlobalSection(ExtensibilityGlobals) = postSolution
		SolutionGuid = {286BFED3-A839-4358-A3EF-C025E28B61C6}
	EndGlobalSection
EndGlobal
