
Microsoft Visual Studio Solution File, Format Version 12.00
# Visual Studio Version 17
VisualStudioVersion = 17.1.32421.90
MinimumVisualStudioVersion = 10.0.40219.1
Project("{FAE04EC0-301F-11D3-BF4B-00C04F79EFBC}") = "Testing", "Testing\Testing.csproj", "{AED72C39-D820-442C-85C1-924B96464DF4}"
EndProject
Project("{FAE04EC0-301F-11D3-BF4B-00C04F79EFBC}") = "TestProject", "TestProject\TestProject.csproj", "{AE9C6A84-F324-45F3-9734-0A57C248C05B}"
EndProject
Global
	GlobalSection(SolutionConfigurationPlatforms) = preSolution
		Debug|Any CPU = Debug|Any CPU
		Release|Any CPU = Release|Any CPU
	EndGlobalSection
	GlobalSection(ProjectConfigurationPlatforms) = postSolution
		{AED72C39-D820-442C-85C1-924B96464DF4}.Debug|Any CPU.ActiveCfg = Debug|Any CPU
		{AED72C39-D820-442C-85C1-924B96464DF4}.Debug|Any CPU.Build.0 = Debug|Any CPU
		{AED72C39-D820-442C-85C1-924B96464DF4}.Release|Any CPU.ActiveCfg = Release|Any CPU
		{AED72C39-D820-442C-85C1-924B96464DF4}.Release|Any CPU.Build.0 = Release|Any CPU
		{AE9C6A84-F324-45F3-9734-0A57C248C05B}.Debug|Any CPU.ActiveCfg = Debug|Any CPU
		{AE9C6A84-F324-45F3-9734-0A57C248C05B}.Debug|Any CPU.Build.0 = Debug|Any CPU
		{AE9C6A84-F324-45F3-9734-0A57C248C05B}.Release|Any CPU.ActiveCfg = Release|Any CPU
		{AE9C6A84-F324-45F3-9734-0A57C248C05B}.Release|Any CPU.Build.0 = Release|Any CPU
	EndGlobalSection
	GlobalSection(SolutionProperties) = preSolution
		HideSolutionNode = FALSE
	EndGlobalSection
	GlobalSection(ExtensibilityGlobals) = postSolution
		SolutionGuid = {2E82B046-BE7A-4465-B8B0-033094C638D8}
	EndGlobalSection
EndGlobal
