
Microsoft Visual Studio Solution File, Format Version 12.00
# Visual Studio Version 17
VisualStudioVersion = 17.1.32421.90
MinimumVisualStudioVersion = 10.0.40219.1
Project("{FAE04EC0-301F-11D3-BF4B-00C04F79EFBC}") = "Banking", "Banking\Banking.csproj", "{1F67823A-B190-4083-9B8A-9742996A800D}"
EndProject
Global
	GlobalSection(SolutionConfigurationPlatforms) = preSolution
		Debug|Any CPU = Debug|Any CPU
		Release|Any CPU = Release|Any CPU
	EndGlobalSection
	GlobalSection(ProjectConfigurationPlatforms) = postSolution
		{1F67823A-B190-4083-9B8A-9742996A800D}.Debug|Any CPU.ActiveCfg = Debug|Any CPU
		{1F67823A-B190-4083-9B8A-9742996A800D}.Debug|Any CPU.Build.0 = Debug|Any CPU
		{1F67823A-B190-4083-9B8A-9742996A800D}.Release|Any CPU.ActiveCfg = Release|Any CPU
		{1F67823A-B190-4083-9B8A-9742996A800D}.Release|Any CPU.Build.0 = Release|Any CPU
	EndGlobalSection
	GlobalSection(SolutionProperties) = preSolution
		HideSolutionNode = FALSE
	EndGlobalSection
	GlobalSection(ExtensibilityGlobals) = postSolution
		SolutionGuid = {82280F65-F43B-45C3-85BB-DF39A3404FC4}
	EndGlobalSection
EndGlobal
