
Microsoft Visual Studio Solution File, Format Version 12.00
# Visual Studio Version 17
VisualStudioVersion = 17.1.32421.90
MinimumVisualStudioVersion = 10.0.40219.1
Project("{FAE04EC0-301F-11D3-BF4B-00C04F79EFBC}") = "FileHandling", "FileHandling\FileHandling.csproj", "{CF00B328-9AD1-47C6-A61C-029317345E47}"
EndProject
Global
	GlobalSection(SolutionConfigurationPlatforms) = preSolution
		Debug|Any CPU = Debug|Any CPU
		Release|Any CPU = Release|Any CPU
	EndGlobalSection
	GlobalSection(ProjectConfigurationPlatforms) = postSolution
		{CF00B328-9AD1-47C6-A61C-029317345E47}.Debug|Any CPU.ActiveCfg = Debug|Any CPU
		{CF00B328-9AD1-47C6-A61C-029317345E47}.Debug|Any CPU.Build.0 = Debug|Any CPU
		{CF00B328-9AD1-47C6-A61C-029317345E47}.Release|Any CPU.ActiveCfg = Release|Any CPU
		{CF00B328-9AD1-47C6-A61C-029317345E47}.Release|Any CPU.Build.0 = Release|Any CPU
	EndGlobalSection
	GlobalSection(SolutionProperties) = preSolution
		HideSolutionNode = FALSE
	EndGlobalSection
	GlobalSection(ExtensibilityGlobals) = postSolution
		SolutionGuid = {12EEB470-32CE-457C-8796-6703E9707169}
	EndGlobalSection
EndGlobal
